
Microsoft Visual Studio Solution File, Format Version 12.00
# Visual Studio Version 16
VisualStudioVersion = 16.0.29102.190
MinimumVisualStudioVersion = 10.0.40219.1
Project("{9A19103F-16F7-4668-BE54-9A1E7A4F7556}") = "ytdl-cs", "ytdl-cs\ytdl-cs.csproj", "{03AFCE73-D3A4-4239-8363-CABA669CB429}"
EndProject
Project("{FAE04EC0-301F-11D3-BF4B-00C04F79EFBC}") = "Example", "Example\Example.csproj", "{975CDB82-EAEF-4851-832D-757873061FDF}"
EndProject
Global
	GlobalSection(SolutionConfigurationPlatforms) = preSolution
		Debug|Any CPU = Debug|Any CPU
		Release|Any CPU = Release|Any CPU
	EndGlobalSection
	GlobalSection(ProjectConfigurationPlatforms) = postSolution
		{03AFCE73-D3A4-4239-8363-CABA669CB429}.Debug|Any CPU.ActiveCfg = Debug|Any CPU
		{03AFCE73-D3A4-4239-8363-CABA669CB429}.Debug|Any CPU.Build.0 = Debug|Any CPU
		{03AFCE73-D3A4-4239-8363-CABA669CB429}.Release|Any CPU.ActiveCfg = Release|Any CPU
		{03AFCE73-D3A4-4239-8363-CABA669CB429}.Release|Any CPU.Build.0 = Release|Any CPU
		{975CDB82-EAEF-4851-832D-757873061FDF}.Debug|Any CPU.ActiveCfg = Debug|Any CPU
		{975CDB82-EAEF-4851-832D-757873061FDF}.Debug|Any CPU.Build.0 = Debug|Any CPU
		{975CDB82-EAEF-4851-832D-757873061FDF}.Release|Any CPU.ActiveCfg = Release|Any CPU
		{975CDB82-EAEF-4851-832D-757873061FDF}.Release|Any CPU.Build.0 = Release|Any CPU
	EndGlobalSection
	GlobalSection(SolutionProperties) = preSolution
		HideSolutionNode = FALSE
	EndGlobalSection
	GlobalSection(ExtensibilityGlobals) = postSolution
		SolutionGuid = {FB2BFE57-F429-43A3-BA61-ECBAEAE45BC0}
	EndGlobalSection
EndGlobal
